// !$*UTF8*$!
{
	archiveVersion = 1;
	classes = {
	};
	objectVersion = 56;
	objects = {

/* Begin PBXBuildFile section */
		7439DBAD299B7D2700A3DC21 /* AppDelegate.swift in Sources */ = {isa = PBXBuildFile; fileRef = 7439DBAC299B7D2700A3DC21 /* AppDelegate.swift */; };
		7439DBAF299B7D2700A3DC21 /* SceneDelegate.swift in Sources */ = {isa = PBXBuildFile; fileRef = 7439DBAE299B7D2700A3DC21 /* SceneDelegate.swift */; };
		7439DBB1299B7D2700A3DC21 /* MainTabBarVeiwController.swift in Sources */ = {isa = PBXBuildFile; fileRef = 7439DBB0299B7D2700A3DC21 /* MainTabBarVeiwController.swift */; };
		7439DBB6299B7D2800A3DC21 /* Assets.xcassets in Resources */ = {isa = PBXBuildFile; fileRef = 7439DBB5299B7D2800A3DC21 /* Assets.xcassets */; };
		7439DBB9299B7D2800A3DC21 /* LaunchScreen.storyboard in Resources */ = {isa = PBXBuildFile; fileRef = 7439DBB7299B7D2800A3DC21 /* LaunchScreen.storyboard */; };
		7439DBC2299B7F5400A3DC21 /* HomeViewController.swift in Sources */ = {isa = PBXBuildFile; fileRef = 7439DBC1299B7F5400A3DC21 /* HomeViewController.swift */; };
		7439DBC4299B7F7800A3DC21 /* UpcomingViewController.swift in Sources */ = {isa = PBXBuildFile; fileRef = 7439DBC3299B7F7800A3DC21 /* UpcomingViewController.swift */; };
		7439DBC6299B7FB900A3DC21 /* SearchViewController.swift in Sources */ = {isa = PBXBuildFile; fileRef = 7439DBC5299B7FB900A3DC21 /* SearchViewController.swift */; };
		7439DBC8299B7FD300A3DC21 /* DownloadViewController.swift in Sources */ = {isa = PBXBuildFile; fileRef = 7439DBC7299B7FD300A3DC21 /* DownloadViewController.swift */; };
		7439DBEF299B998800A3DC21 /* CollectionViewTableViewCell.swift in Sources */ = {isa = PBXBuildFile; fileRef = 7439DBEE299B998800A3DC21 /* CollectionViewTableViewCell.swift */; };
		7445B816299DFD1400C4A16E /* MovieHeaderUIView.swift in Sources */ = {isa = PBXBuildFile; fileRef = 7445B815299DFD1400C4A16E /* MovieHeaderUIView.swift */; };
		7445B818299E2B3500C4A16E /* APICaller.swift in Sources */ = {isa = PBXBuildFile; fileRef = 7445B817299E2B3500C4A16E /* APICaller.swift */; };
		7445B81A299E410100C4A16E /* Title.swift in Sources */ = {isa = PBXBuildFile; fileRef = 7445B819299E410100C4A16E /* Title.swift */; };
		7445B81C299E452900C4A16E /* Extensions.swift in Sources */ = {isa = PBXBuildFile; fileRef = 7445B81B299E452900C4A16E /* Extensions.swift */; };
		7445B820299F708F00C4A16E /* TitleCollectionViewCell.swift in Sources */ = {isa = PBXBuildFile; fileRef = 7445B81F299F708F00C4A16E /* TitleCollectionViewCell.swift */; };
		7445B823299F781600C4A16E /* SDWebImage in Frameworks */ = {isa = PBXBuildFile; productRef = 7445B822299F781600C4A16E /* SDWebImage */; };
		7445B825299F781600C4A16E /* SDWebImageMapKit in Frameworks */ = {isa = PBXBuildFile; productRef = 7445B824299F781600C4A16E /* SDWebImageMapKit */; };
/* End PBXBuildFile section */

/* Begin PBXFileReference section */
		7439DBA9299B7D2700A3DC21 /* NetflixClone.app */ = {isa = PBXFileReference; explicitFileType = wrapper.application; includeInIndex = 0; path = NetflixClone.app; sourceTree = BUILT_PRODUCTS_DIR; };
		7439DBAC299B7D2700A3DC21 /* AppDelegate.swift */ = {isa = PBXFileReference; lastKnownFileType = sourcecode.swift; path = AppDelegate.swift; sourceTree = "<group>"; };
		7439DBAE299B7D2700A3DC21 /* SceneDelegate.swift */ = {isa = PBXFileReference; lastKnownFileType = sourcecode.swift; path = SceneDelegate.swift; sourceTree = "<group>"; };
		7439DBB0299B7D2700A3DC21 /* MainTabBarVeiwController.swift */ = {isa = PBXFileReference; lastKnownFileType = sourcecode.swift; path = MainTabBarVeiwController.swift; sourceTree = "<group>"; };
		7439DBB5299B7D2800A3DC21 /* Assets.xcassets */ = {isa = PBXFileReference; lastKnownFileType = folder.assetcatalog; path = Assets.xcassets; sourceTree = "<group>"; };
		7439DBB8299B7D2800A3DC21 /* Base */ = {isa = PBXFileReference; lastKnownFileType = file.storyboard; name = Base; path = Base.lproj/LaunchScreen.storyboard; sourceTree = "<group>"; };
		7439DBBA299B7D2800A3DC21 /* Info.plist */ = {isa = PBXFileReference; lastKnownFileType = text.plist.xml; path = Info.plist; sourceTree = "<group>"; };
		7439DBC1299B7F5400A3DC21 /* HomeViewController.swift */ = {isa = PBXFileReference; lastKnownFileType = sourcecode.swift; path = HomeViewController.swift; sourceTree = "<group>"; };
		7439DBC3299B7F7800A3DC21 /* UpcomingViewController.swift */ = {isa = PBXFileReference; lastKnownFileType = sourcecode.swift; path = UpcomingViewController.swift; sourceTree = "<group>"; };
		7439DBC5299B7FB900A3DC21 /* SearchViewController.swift */ = {isa = PBXFileReference; lastKnownFileType = sourcecode.swift; path = SearchViewController.swift; sourceTree = "<group>"; };
		7439DBC7299B7FD300A3DC21 /* DownloadViewController.swift */ = {isa = PBXFileReference; lastKnownFileType = sourcecode.swift; path = DownloadViewController.swift; sourceTree = "<group>"; };
		7439DBEE299B998800A3DC21 /* CollectionViewTableViewCell.swift */ = {isa = PBXFileReference; lastKnownFileType = sourcecode.swift; path = CollectionViewTableViewCell.swift; sourceTree = "<group>"; };
		7445B815299DFD1400C4A16E /* MovieHeaderUIView.swift */ = {isa = PBXFileReference; lastKnownFileType = sourcecode.swift; path = MovieHeaderUIView.swift; sourceTree = "<group>"; };
		7445B817299E2B3500C4A16E /* APICaller.swift */ = {isa = PBXFileReference; lastKnownFileType = sourcecode.swift; path = APICaller.swift; sourceTree = "<group>"; };
		7445B819299E410100C4A16E /* Title.swift */ = {isa = PBXFileReference; lastKnownFileType = sourcecode.swift; path = Title.swift; sourceTree = "<group>"; };
		7445B81B299E452900C4A16E /* Extensions.swift */ = {isa = PBXFileReference; lastKnownFileType = sourcecode.swift; path = Extensions.swift; sourceTree = "<group>"; };
		7445B81F299F708F00C4A16E /* TitleCollectionViewCell.swift */ = {isa = PBXFileReference; lastKnownFileType = sourcecode.swift; path = TitleCollectionViewCell.swift; sourceTree = "<group>"; };
/* End PBXFileReference section */

/* Begin PBXFrameworksBuildPhase section */
		7439DBA6299B7D2700A3DC21 /* Frameworks */ = {
			isa = PBXFrameworksBuildPhase;
			buildActionMask = 2147483647;
			files = (
				7445B825299F781600C4A16E /* SDWebImageMapKit in Frameworks */,
				7445B823299F781600C4A16E /* SDWebImage in Frameworks */,
			);
			runOnlyForDeploymentPostprocessing = 0;
		};
/* End PBXFrameworksBuildPhase section */

/* Begin PBXGroup section */
		7439DBA0299B7D2700A3DC21 = {
			isa = PBXGroup;
			children = (
				7439DBAB299B7D2700A3DC21 /* NetflixClone */,
				7439DBAA299B7D2700A3DC21 /* Products */,
			);
			sourceTree = "<group>";
		};
		7439DBAA299B7D2700A3DC21 /* Products */ = {
			isa = PBXGroup;
			children = (
				7439DBA9299B7D2700A3DC21 /* NetflixClone.app */,
			);
			name = Products;
			sourceTree = "<group>";
		};
		7439DBAB299B7D2700A3DC21 /* NetflixClone */ = {
			isa = PBXGroup;
			children = (
				7439DBED299B993E00A3DC21 /* Managers */,
				7439DBEC299B992E00A3DC21 /* Resources */,
				7439DBEB299B990C00A3DC21 /* Models */,
				7439DBEA299B990100A3DC21 /* Views */,
				7439DBE9299B98F700A3DC21 /* ViewModels */,
				7439DBC0299B7F2D00A3DC21 /* Controllers */,
				7439DBAC299B7D2700A3DC21 /* AppDelegate.swift */,
				7439DBAE299B7D2700A3DC21 /* SceneDelegate.swift */,
				7439DBB0299B7D2700A3DC21 /* MainTabBarVeiwController.swift */,
				7439DBB5299B7D2800A3DC21 /* Assets.xcassets */,
				7439DBB7299B7D2800A3DC21 /* LaunchScreen.storyboard */,
				7439DBBA299B7D2800A3DC21 /* Info.plist */,
			);
			path = NetflixClone;
			sourceTree = "<group>";
		};
		7439DBC0299B7F2D00A3DC21 /* Controllers */ = {
			isa = PBXGroup;
			children = (
				7439DBC1299B7F5400A3DC21 /* HomeViewController.swift */,
				7439DBC3299B7F7800A3DC21 /* UpcomingViewController.swift */,
				7439DBC5299B7FB900A3DC21 /* SearchViewController.swift */,
				7439DBC7299B7FD300A3DC21 /* DownloadViewController.swift */,
			);
			path = Controllers;
			sourceTree = "<group>";
		};
		7439DBE9299B98F700A3DC21 /* ViewModels */ = {
			isa = PBXGroup;
			children = (
			);
			path = ViewModels;
			sourceTree = "<group>";
		};
		7439DBEA299B990100A3DC21 /* Views */ = {
			isa = PBXGroup;
			children = (
				7439DBEE299B998800A3DC21 /* CollectionViewTableViewCell.swift */,
				7445B815299DFD1400C4A16E /* MovieHeaderUIView.swift */,
				7445B81F299F708F00C4A16E /* TitleCollectionViewCell.swift */,
			);
			path = Views;
			sourceTree = "<group>";
		};
		7439DBEB299B990C00A3DC21 /* Models */ = {
			isa = PBXGroup;
			children = (
				7445B819299E410100C4A16E /* Title.swift */,
			);
			path = Models;
			sourceTree = "<group>";
		};
		7439DBEC299B992E00A3DC21 /* Resources */ = {
			isa = PBXGroup;
			children = (
				7445B81B299E452900C4A16E /* Extensions.swift */,
			);
			path = Resources;
			sourceTree = "<group>";
		};
		7439DBED299B993E00A3DC21 /* Managers */ = {
			isa = PBXGroup;
			children = (
				7445B817299E2B3500C4A16E /* APICaller.swift */,
			);
			path = Managers;
			sourceTree = "<group>";
		};
/* End PBXGroup section */

/* Begin PBXNativeTarget section */
		7439DBA8299B7D2700A3DC21 /* NetflixClone */ = {
			isa = PBXNativeTarget;
			buildConfigurationList = 7439DBBD299B7D2800A3DC21 /* Build configuration list for PBXNativeTarget "NetflixClone" */;
			buildPhases = (
				7439DBA5299B7D2700A3DC21 /* Sources */,
				7439DBA6299B7D2700A3DC21 /* Frameworks */,
				7439DBA7299B7D2700A3DC21 /* Resources */,
			);
			buildRules = (
			);
			dependencies = (
			);
			name = NetflixClone;
			packageProductDependencies = (
				7445B822299F781600C4A16E /* SDWebImage */,
				7445B824299F781600C4A16E /* SDWebImageMapKit */,
			);
			productName = NetflixClone;
			productReference = 7439DBA9299B7D2700A3DC21 /* NetflixClone.app */;
			productType = "com.apple.product-type.application";
		};
/* End PBXNativeTarget section */

/* Begin PBXProject section */
		7439DBA1299B7D2700A3DC21 /* Project object */ = {
			isa = PBXProject;
			attributes = {
				BuildIndependentTargetsInParallel = 1;
				LastSwiftUpdateCheck = 1420;
				LastUpgradeCheck = 1420;
				TargetAttributes = {
					7439DBA8299B7D2700A3DC21 = {
						CreatedOnToolsVersion = 14.2;
					};
				};
			};
			buildConfigurationList = 7439DBA4299B7D2700A3DC21 /* Build configuration list for PBXProject "NetflixClone" */;
			compatibilityVersion = "Xcode 14.0";
			developmentRegion = en;
			hasScannedForEncodings = 0;
			knownRegions = (
				en,
				Base,
			);
			mainGroup = 7439DBA0299B7D2700A3DC21;
			packageReferences = (
				7445B821299F781600C4A16E /* XCRemoteSwiftPackageReference "SDWebImage" */,
			);
			productRefGroup = 7439DBAA299B7D2700A3DC21 /* Products */;
			projectDirPath = "";
			projectRoot = "";
			targets = (
				7439DBA8299B7D2700A3DC21 /* NetflixClone */,
			);
		};
/* End PBXProject section */

/* Begin PBXResourcesBuildPhase section */
		7439DBA7299B7D2700A3DC21 /* Resources */ = {
			isa = PBXResourcesBuildPhase;
			buildActionMask = 2147483647;
			files = (
				7439DBB9299B7D2800A3DC21 /* LaunchScreen.storyboard in Resources */,
				7439DBB6299B7D2800A3DC21 /* Assets.xcassets in Resources */,
			);
			runOnlyForDeploymentPostprocessing = 0;
		};
/* End PBXResourcesBuildPhase section */

/* Begin PBXSourcesBuildPhase section */
		7439DBA5299B7D2700A3DC21 /* Sources */ = {
			isa = PBXSourcesBuildPhase;
			buildActionMask = 2147483647;
			files = (
				7439DBC6299B7FB900A3DC21 /* SearchViewController.swift in Sources */,
				7445B820299F708F00C4A16E /* TitleCollectionViewCell.swift in Sources */,
				7439DBB1299B7D2700A3DC21 /* MainTabBarVeiwController.swift in Sources */,
				7439DBEF299B998800A3DC21 /* CollectionViewTableViewCell.swift in Sources */,
				7445B818299E2B3500C4A16E /* APICaller.swift in Sources */,
				7439DBAD299B7D2700A3DC21 /* AppDelegate.swift in Sources */,
				7439DBC8299B7FD300A3DC21 /* DownloadViewController.swift in Sources */,
				7439DBAF299B7D2700A3DC21 /* SceneDelegate.swift in Sources */,
				7445B81C299E452900C4A16E /* Extensions.swift in Sources */,
				7445B816299DFD1400C4A16E /* MovieHeaderUIView.swift in Sources */,
				7439DBC4299B7F7800A3DC21 /* UpcomingViewController.swift in Sources */,
				7445B81A299E410100C4A16E /* Title.swift in Sources */,
				7439DBC2299B7F5400A3DC21 /* HomeViewController.swift in Sources */,
			);
			runOnlyForDeploymentPostprocessing = 0;
		};
/* End PBXSourcesBuildPhase section */

/* Begin PBXVariantGroup section */
		7439DBB7299B7D2800A3DC21 /* LaunchScreen.storyboard */ = {
			isa = PBXVariantGroup;
			children = (
				7439DBB8299B7D2800A3DC21 /* Base */,
			);
			name = LaunchScreen.storyboard;
			sourceTree = "<group>";
		};
/* End PBXVariantGroup section */

/* Begin XCBuildConfiguration section */
		7439DBBB299B7D2800A3DC21 /* Debug */ = {
			isa = XCBuildConfiguration;
			buildSettings = {
				ALWAYS_SEARCH_USER_PATHS = NO;
				CLANG_ANALYZER_NONNULL = YES;
				CLANG_ANALYZER_NUMBER_OBJECT_CONVERSION = YES_AGGRESSIVE;
				CLANG_CXX_LANGUAGE_STANDARD = "gnu++20";
				CLANG_ENABLE_MODULES = YES;
				CLANG_ENABLE_OBJC_ARC = YES;
				CLANG_ENABLE_OBJC_WEAK = YES;
				CLANG_WARN_BLOCK_CAPTURE_AUTORELEASING = YES;
				CLANG_WARN_BOOL_CONVERSION = YES;
				CLANG_WARN_COMMA = YES;
				CLANG_WARN_CONSTANT_CONVERSION = YES;
				CLANG_WARN_DEPRECATED_OBJC_IMPLEMENTATIONS = YES;
				CLANG_WARN_DIRECT_OBJC_ISA_USAGE = YES_ERROR;
				CLANG_WARN_DOCUMENTATION_COMMENTS = YES;
				CLANG_WARN_EMPTY_BODY = YES;
				CLANG_WARN_ENUM_CONVERSION = YES;
				CLANG_WARN_INFINITE_RECURSION = YES;
				CLANG_WARN_INT_CONVERSION = YES;
				CLANG_WARN_NON_LITERAL_NULL_CONVERSION = YES;
				CLANG_WARN_OBJC_IMPLICIT_RETAIN_SELF = YES;
				CLANG_WARN_OBJC_LITERAL_CONVERSION = YES;
				CLANG_WARN_OBJC_ROOT_CLASS = YES_ERROR;
				CLANG_WARN_QUOTED_INCLUDE_IN_FRAMEWORK_HEADER = YES;
				CLANG_WARN_RANGE_LOOP_ANALYSIS = YES;
				CLANG_WARN_STRICT_PROTOTYPES = YES;
				CLANG_WARN_SUSPICIOUS_MOVE = YES;
				CLANG_WARN_UNGUARDED_AVAILABILITY = YES_AGGRESSIVE;
				CLANG_WARN_UNREACHABLE_CODE = YES;
				CLANG_WARN__DUPLICATE_METHOD_MATCH = YES;
				COPY_PHASE_STRIP = NO;
				DEBUG_INFORMATION_FORMAT = dwarf;
				ENABLE_STRICT_OBJC_MSGSEND = YES;
				ENABLE_TESTABILITY = YES;
				GCC_C_LANGUAGE_STANDARD = gnu11;
				GCC_DYNAMIC_NO_PIC = NO;
				GCC_NO_COMMON_BLOCKS = YES;
				GCC_OPTIMIZATION_LEVEL = 0;
				GCC_PREPROCESSOR_DEFINITIONS = (
					"DEBUG=1",
					"$(inherited)",
				);
				GCC_WARN_64_TO_32_BIT_CONVERSION = YES;
				GCC_WARN_ABOUT_RETURN_TYPE = YES_ERROR;
				GCC_WARN_UNDECLARED_SELECTOR = YES;
				GCC_WARN_UNINITIALIZED_AUTOS = YES_AGGRESSIVE;
				GCC_WARN_UNUSED_FUNCTION = YES;
				GCC_WARN_UNUSED_VARIABLE = YES;
				IPHONEOS_DEPLOYMENT_TARGET = 16.2;
				MTL_ENABLE_DEBUG_INFO = INCLUDE_SOURCE;
				MTL_FAST_MATH = YES;
				ONLY_ACTIVE_ARCH = YES;
				SDKROOT = iphoneos;
				SWIFT_ACTIVE_COMPILATION_CONDITIONS = DEBUG;
				SWIFT_OPTIMIZATION_LEVEL = "-Onone";
			};
			name = Debug;
		};
		7439DBBC299B7D2800A3DC21 /* Release */ = {
			isa = XCBuildConfiguration;
			buildSettings = {
				ALWAYS_SEARCH_USER_PATHS = NO;
				CLANG_ANALYZER_NONNULL = YES;
				CLANG_ANALYZER_NUMBER_OBJECT_CONVERSION = YES_AGGRESSIVE;
				CLANG_CXX_LANGUAGE_STANDARD = "gnu++20";
				CLANG_ENABLE_MODULES = YES;
				CLANG_ENABLE_OBJC_ARC = YES;
				CLANG_ENABLE_OBJC_WEAK = YES;
				CLANG_WARN_BLOCK_CAPTURE_AUTORELEASING = YES;
				CLANG_WARN_BOOL_CONVERSION = YES;
				CLANG_WARN_COMMA = YES;
				CLANG_WARN_CONSTANT_CONVERSION = YES;
				CLANG_WARN_DEPRECATED_OBJC_IMPLEMENTATIONS = YES;
				CLANG_WARN_DIRECT_OBJC_ISA_USAGE = YES_ERROR;
				CLANG_WARN_DOCUMENTATION_COMMENTS = YES;
				CLANG_WARN_EMPTY_BODY = YES;
				CLANG_WARN_ENUM_CONVERSION = YES;
				CLANG_WARN_INFINITE_RECURSION = YES;
				CLANG_WARN_INT_CONVERSION = YES;
				CLANG_WARN_NON_LITERAL_NULL_CONVERSION = YES;
				CLANG_WARN_OBJC_IMPLICIT_RETAIN_SELF = YES;
				CLANG_WARN_OBJC_LITERAL_CONVERSION = YES;
				CLANG_WARN_OBJC_ROOT_CLASS = YES_ERROR;
				CLANG_WARN_QUOTED_INCLUDE_IN_FRAMEWORK_HEADER = YES;
				CLANG_WARN_RANGE_LOOP_ANALYSIS = YES;
				CLANG_WARN_STRICT_PROTOTYPES = YES;
				CLANG_WARN_SUSPICIOUS_MOVE = YES;
				CLANG_WARN_UNGUARDED_AVAILABILITY = YES_AGGRESSIVE;
				CLANG_WARN_UNREACHABLE_CODE = YES;
				CLANG_WARN__DUPLICATE_METHOD_MATCH = YES;
				COPY_PHASE_STRIP = NO;
				DEBUG_INFORMATION_FORMAT = "dwarf-with-dsym";
				ENABLE_NS_ASSERTIONS = NO;
				ENABLE_STRICT_OBJC_MSGSEND = YES;
				GCC_C_LANGUAGE_STANDARD = gnu11;
				GCC_NO_COMMON_BLOCKS = YES;
				GCC_WARN_64_TO_32_BIT_CONVERSION = YES;
				GCC_WARN_ABOUT_RETURN_TYPE = YES_ERROR;
				GCC_WARN_UNDECLARED_SELECTOR = YES;
				GCC_WARN_UNINITIALIZED_AUTOS = YES_AGGRESSIVE;
				GCC_WARN_UNUSED_FUNCTION = YES;
				GCC_WARN_UNUSED_VARIABLE = YES;
				IPHONEOS_DEPLOYMENT_TARGET = 16.2;
				MTL_ENABLE_DEBUG_INFO = NO;
				MTL_FAST_MATH = YES;
				SDKROOT = iphoneos;
				SWIFT_COMPILATION_MODE = wholemodule;
				SWIFT_OPTIMIZATION_LEVEL = "-O";
				VALIDATE_PRODUCT = YES;
			};
			name = Release;
		};
		7439DBBE299B7D2800A3DC21 /* Debug */ = {
			isa = XCBuildConfiguration;
			buildSettings = {
				ASSETCATALOG_COMPILER_APPICON_NAME = AppIcon;
				ASSETCATALOG_COMPILER_GLOBAL_ACCENT_COLOR_NAME = AccentColor;
				CODE_SIGN_STYLE = Automatic;
				CURRENT_PROJECT_VERSION = 1;
				DEVELOPMENT_TEAM = F9GU92M4V2;
				GENERATE_INFOPLIST_FILE = YES;
				INFOPLIST_FILE = NetflixClone/Info.plist;
				INFOPLIST_KEY_UIApplicationSupportsIndirectInputEvents = YES;
				INFOPLIST_KEY_UILaunchStoryboardName = LaunchScreen;
				INFOPLIST_KEY_UISupportedInterfaceOrientations = UIInterfaceOrientationPortrait;
				INFOPLIST_KEY_UISupportedInterfaceOrientations_iPad = "UIInterfaceOrientationLandscapeLeft UIInterfaceOrientationLandscapeRight UIInterfaceOrientationPortrait UIInterfaceOrientationPortraitUpsideDown";
				IPHONEOS_DEPLOYMENT_TARGET = 14.0;
				LD_RUNPATH_SEARCH_PATHS = (
					"$(inherited)",
					"@executable_path/Frameworks",
				);
				MARKETING_VERSION = 1.0;
				PRODUCT_BUNDLE_IDENTIFIER = com.suheon.NetflixClone;
				PRODUCT_NAME = "$(TARGET_NAME)";
				SUPPORTED_PLATFORMS = "iphoneos iphonesimulator";
				SUPPORTS_MACCATALYST = NO;
				SUPPORTS_MAC_DESIGNED_FOR_IPHONE_IPAD = NO;
				SWIFT_EMIT_LOC_STRINGS = YES;
				SWIFT_VERSION = 5.0;
				TARGETED_DEVICE_FAMILY = 1;
			};
			name = Debug;
		};
		7439DBBF299B7D2800A3DC21 /* Release */ = {
			isa = XCBuildConfiguration;
			buildSettings = {
				ASSETCATALOG_COMPILER_APPICON_NAME = AppIcon;
				ASSETCATALOG_COMPILER_GLOBAL_ACCENT_COLOR_NAME = AccentColor;
				CODE_SIGN_STYLE = Automatic;
				CURRENT_PROJECT_VERSION = 1;
				DEVELOPMENT_TEAM = F9GU92M4V2;
				GENERATE_INFOPLIST_FILE = YES;
				INFOPLIST_FILE = NetflixClone/Info.plist;
				INFOPLIST_KEY_UIApplicationSupportsIndirectInputEvents = YES;
				INFOPLIST_KEY_UILaunchStoryboardName = LaunchScreen;
				INFOPLIST_KEY_UISupportedInterfaceOrientations = UIInterfaceOrientationPortrait;
				INFOPLIST_KEY_UISupportedInterfaceOrientations_iPad = "UIInterfaceOrientationLandscapeLeft UIInterfaceOrientationLandscapeRight UIInterfaceOrientationPortrait UIInterfaceOrientationPortraitUpsideDown";
				IPHONEOS_DEPLOYMENT_TARGET = 14.0;
				LD_RUNPATH_SEARCH_PATHS = (
					"$(inherited)",
					"@executable_path/Frameworks",
				);
				MARKETING_VERSION = 1.0;
				PRODUCT_BUNDLE_IDENTIFIER = com.suheon.NetflixClone;
				PRODUCT_NAME = "$(TARGET_NAME)";
				SUPPORTED_PLATFORMS = "iphoneos iphonesimulator";
				SUPPORTS_MACCATALYST = NO;
				SUPPORTS_MAC_DESIGNED_FOR_IPHONE_IPAD = NO;
				SWIFT_EMIT_LOC_STRINGS = YES;
				SWIFT_VERSION = 5.0;
				TARGETED_DEVICE_FAMILY = 1;
			};
			name = Release;
		};
/* End XCBuildConfiguration section */

/* Begin XCConfigurationList section */
		7439DBA4299B7D2700A3DC21 /* Build configuration list for PBXProject "NetflixClone" */ = {
			isa = XCConfigurationList;
			buildConfigurations = (
				7439DBBB299B7D2800A3DC21 /* Debug */,
				7439DBBC299B7D2800A3DC21 /* Release */,
			);
			defaultConfigurationIsVisible = 0;
			defaultConfigurationName = Release;
		};
		7439DBBD299B7D2800A3DC21 /* Build configuration list for PBXNativeTarget "NetflixClone" */ = {
			isa = XCConfigurationList;
			buildConfigurations = (
				7439DBBE299B7D2800A3DC21 /* Debug */,
				7439DBBF299B7D2800A3DC21 /* Release */,
			);
			defaultConfigurationIsVisible = 0;
			defaultConfigurationName = Release;
		};
/* End XCConfigurationList section */

/* Begin XCRemoteSwiftPackageReference section */
		7445B821299F781600C4A16E /* XCRemoteSwiftPackageReference "SDWebImage" */ = {
			isa = XCRemoteSwiftPackageReference;
			repositoryURL = "https://github.com/SDWebImage/SDWebImage.git";
			requirement = {
				kind = upToNextMajorVersion;
				minimumVersion = 5.0.0;
			};
		};
/* End XCRemoteSwiftPackageReference section */

/* Begin XCSwiftPackageProductDependency section */
		7445B822299F781600C4A16E /* SDWebImage */ = {
			isa = XCSwiftPackageProductDependency;
			package = 7445B821299F781600C4A16E /* XCRemoteSwiftPackageReference "SDWebImage" */;
			productName = SDWebImage;
		};
		7445B824299F781600C4A16E /* SDWebImageMapKit */ = {
			isa = XCSwiftPackageProductDependency;
			package = 7445B821299F781600C4A16E /* XCRemoteSwiftPackageReference "SDWebImage" */;
			productName = SDWebImageMapKit;
		};
/* End XCSwiftPackageProductDependency section */
	};
	rootObject = 7439DBA1299B7D2700A3DC21 /* Project object */;
}
